
Microsoft Visual Studio Solution File, Format Version 12.00
# Visual Studio Version 16
VisualStudioVersion = 16.0.29519.87
MinimumVisualStudioVersion = 10.0.40219.1
Project("{FAE04EC0-301F-11D3-BF4B-00C04F79EFBC}") = "ConsoleApp1", "ConsoleApp1\ConsoleApp1.csproj", "{0AE1711D-D9BE-4155-85B5-32E0F4BE14C6}"
EndProject
Global
	GlobalSection(SolutionConfigurationPlatforms) = preSolution
		Debug|Any CPU = Debug|Any CPU
		Release|Any CPU = Release|Any CPU
	EndGlobalSection
	GlobalSection(ProjectConfigurationPlatforms) = postSolution
		{0AE1711D-D9BE-4155-85B5-32E0F4BE14C6}.Debug|Any CPU.ActiveCfg = Debug|Any CPU
		{0AE1711D-D9BE-4155-85B5-32E0F4BE14C6}.Debug|Any CPU.Build.0 = Debug|Any CPU
		{0AE1711D-D9BE-4155-85B5-32E0F4BE14C6}.Release|Any CPU.ActiveCfg = Release|Any CPU
		{0AE1711D-D9BE-4155-85B5-32E0F4BE14C6}.Release|Any CPU.Build.0 = Release|Any CPU
	EndGlobalSection
	GlobalSection(SolutionProperties) = preSolution
		HideSolutionNode = FALSE
	EndGlobalSection
	GlobalSection(ExtensibilityGlobals) = postSolution
		SolutionGuid = {E3D4DC9F-2AB6-44B1-ACAB-13742D3D3EF9}
	EndGlobalSection
EndGlobal
