
Microsoft Visual Studio Solution File, Format Version 12.00
# Visual Studio Version 16
VisualStudioVersion = 16.0.29411.108
MinimumVisualStudioVersion = 10.0.40219.1
Project("{FAE04EC0-301F-11D3-BF4B-00C04F79EFBC}") = "ConsoleApp1", "ConsoleApp1\ConsoleApp1.csproj", "{0F58BFAB-BF5D-4A60-A35E-BCC2CB78FDA2}"
EndProject
Global
	GlobalSection(SolutionConfigurationPlatforms) = preSolution
		Debug|Any CPU = Debug|Any CPU
		Release|Any CPU = Release|Any CPU
	EndGlobalSection
	GlobalSection(ProjectConfigurationPlatforms) = postSolution
		{0F58BFAB-BF5D-4A60-A35E-BCC2CB78FDA2}.Debug|Any CPU.ActiveCfg = Debug|Any CPU
		{0F58BFAB-BF5D-4A60-A35E-BCC2CB78FDA2}.Debug|Any CPU.Build.0 = Debug|Any CPU
		{0F58BFAB-BF5D-4A60-A35E-BCC2CB78FDA2}.Release|Any CPU.ActiveCfg = Release|Any CPU
		{0F58BFAB-BF5D-4A60-A35E-BCC2CB78FDA2}.Release|Any CPU.Build.0 = Release|Any CPU
	EndGlobalSection
	GlobalSection(SolutionProperties) = preSolution
		HideSolutionNode = FALSE
	EndGlobalSection
	GlobalSection(ExtensibilityGlobals) = postSolution
		SolutionGuid = {BB30612D-9027-421D-888F-403C3C037B2E}
	EndGlobalSection
EndGlobal
