
Microsoft Visual Studio Solution File, Format Version 12.00
# Visual Studio Version 16
VisualStudioVersion = 16.0.29306.81
MinimumVisualStudioVersion = 10.0.40219.1
Project("{FAE04EC0-301F-11D3-BF4B-00C04F79EFBC}") = "ConsoleApp1", "ConsoleApp1\ConsoleApp1.csproj", "{662A3651-3063-47E2-A02E-F57F07C10AC8}"
EndProject
Global
	GlobalSection(SolutionConfigurationPlatforms) = preSolution
		Debug|Any CPU = Debug|Any CPU
		Release|Any CPU = Release|Any CPU
	EndGlobalSection
	GlobalSection(ProjectConfigurationPlatforms) = postSolution
		{662A3651-3063-47E2-A02E-F57F07C10AC8}.Debug|Any CPU.ActiveCfg = Debug|Any CPU
		{662A3651-3063-47E2-A02E-F57F07C10AC8}.Debug|Any CPU.Build.0 = Debug|Any CPU
		{662A3651-3063-47E2-A02E-F57F07C10AC8}.Release|Any CPU.ActiveCfg = Release|Any CPU
		{662A3651-3063-47E2-A02E-F57F07C10AC8}.Release|Any CPU.Build.0 = Release|Any CPU
	EndGlobalSection
	GlobalSection(SolutionProperties) = preSolution
		HideSolutionNode = FALSE
	EndGlobalSection
	GlobalSection(ExtensibilityGlobals) = postSolution
		SolutionGuid = {9FE48B3C-17D7-4CFD-B17D-9D7EAD37929A}
	EndGlobalSection
EndGlobal
