
Microsoft Visual Studio Solution File, Format Version 12.00
# Visual Studio Version 16
VisualStudioVersion = 16.0.29306.81
MinimumVisualStudioVersion = 10.0.40219.1
Project("{FAE04EC0-301F-11D3-BF4B-00C04F79EFBC}") = "calculator", "calculator\calculator.csproj", "{99E97E82-10C8-4656-B911-2AB18A8D592D}"
EndProject
Global
	GlobalSection(SolutionConfigurationPlatforms) = preSolution
		Debug|Any CPU = Debug|Any CPU
		Release|Any CPU = Release|Any CPU
	EndGlobalSection
	GlobalSection(ProjectConfigurationPlatforms) = postSolution
		{99E97E82-10C8-4656-B911-2AB18A8D592D}.Debug|Any CPU.ActiveCfg = Debug|Any CPU
		{99E97E82-10C8-4656-B911-2AB18A8D592D}.Debug|Any CPU.Build.0 = Debug|Any CPU
		{99E97E82-10C8-4656-B911-2AB18A8D592D}.Release|Any CPU.ActiveCfg = Release|Any CPU
		{99E97E82-10C8-4656-B911-2AB18A8D592D}.Release|Any CPU.Build.0 = Release|Any CPU
	EndGlobalSection
	GlobalSection(SolutionProperties) = preSolution
		HideSolutionNode = FALSE
	EndGlobalSection
	GlobalSection(ExtensibilityGlobals) = postSolution
		SolutionGuid = {199D2CBF-5B67-490F-86EC-B211FCF6AE36}
	EndGlobalSection
EndGlobal
